
Microsoft Visual Studio Solution File, Format Version 12.00
# Visual Studio Version 17
VisualStudioVersion = 17.5.33530.505
MinimumVisualStudioVersion = 10.0.40219.1
Project("{FAE04EC0-301F-11D3-BF4B-00C04F79EFBC}") = "exc1 with dialog", "exc1 with dialog\exc1 with dialog.csproj", "{306A294F-2F12-4EFB-B8D6-F48EA2603BB0}"
EndProject
Global
	GlobalSection(SolutionConfigurationPlatforms) = preSolution
		Debug|Any CPU = Debug|Any CPU
		Release|Any CPU = Release|Any CPU
	EndGlobalSection
	GlobalSection(ProjectConfigurationPlatforms) = postSolution
		{306A294F-2F12-4EFB-B8D6-F48EA2603BB0}.Debug|Any CPU.ActiveCfg = Debug|Any CPU
		{306A294F-2F12-4EFB-B8D6-F48EA2603BB0}.Debug|Any CPU.Build.0 = Debug|Any CPU
		{306A294F-2F12-4EFB-B8D6-F48EA2603BB0}.Release|Any CPU.ActiveCfg = Release|Any CPU
		{306A294F-2F12-4EFB-B8D6-F48EA2603BB0}.Release|Any CPU.Build.0 = Release|Any CPU
	EndGlobalSection
	GlobalSection(SolutionProperties) = preSolution
		HideSolutionNode = FALSE
	EndGlobalSection
	GlobalSection(ExtensibilityGlobals) = postSolution
		SolutionGuid = {D076D7DD-9A10-48EF-9A47-3968B01500DE}
	EndGlobalSection
EndGlobal
