
Microsoft Visual Studio Solution File, Format Version 12.00
# Visual Studio Version 17
VisualStudioVersion = 17.5.33530.505
MinimumVisualStudioVersion = 10.0.40219.1
Project("{FAE04EC0-301F-11D3-BF4B-00C04F79EFBC}") = "DialogSample", "DialogSample\DialogSample.csproj", "{70F338A9-31CD-49E3-99C1-3797B882CDFE}"
EndProject
Global
	GlobalSection(SolutionConfigurationPlatforms) = preSolution
		Debug|Any CPU = Debug|Any CPU
		Release|Any CPU = Release|Any CPU
	EndGlobalSection
	GlobalSection(ProjectConfigurationPlatforms) = postSolution
		{70F338A9-31CD-49E3-99C1-3797B882CDFE}.Debug|Any CPU.ActiveCfg = Debug|Any CPU
		{70F338A9-31CD-49E3-99C1-3797B882CDFE}.Debug|Any CPU.Build.0 = Debug|Any CPU
		{70F338A9-31CD-49E3-99C1-3797B882CDFE}.Release|Any CPU.ActiveCfg = Release|Any CPU
		{70F338A9-31CD-49E3-99C1-3797B882CDFE}.Release|Any CPU.Build.0 = Release|Any CPU
	EndGlobalSection
	GlobalSection(SolutionProperties) = preSolution
		HideSolutionNode = FALSE
	EndGlobalSection
	GlobalSection(ExtensibilityGlobals) = postSolution
		SolutionGuid = {63C48472-8A73-4832-8686-7C14B08E74ED}
	EndGlobalSection
EndGlobal
