
Microsoft Visual Studio Solution File, Format Version 12.00
# Visual Studio Version 17
VisualStudioVersion = 17.5.33530.505
MinimumVisualStudioVersion = 10.0.40219.1
Project("{FAE04EC0-301F-11D3-BF4B-00C04F79EFBC}") = "WpfApp8", "WpfApp8\WpfApp8.csproj", "{1BB26D3C-5831-4FBD-8CFF-C564CA271950}"
EndProject
Global
	GlobalSection(SolutionConfigurationPlatforms) = preSolution
		Debug|Any CPU = Debug|Any CPU
		Release|Any CPU = Release|Any CPU
	EndGlobalSection
	GlobalSection(ProjectConfigurationPlatforms) = postSolution
		{1BB26D3C-5831-4FBD-8CFF-C564CA271950}.Debug|Any CPU.ActiveCfg = Debug|Any CPU
		{1BB26D3C-5831-4FBD-8CFF-C564CA271950}.Debug|Any CPU.Build.0 = Debug|Any CPU
		{1BB26D3C-5831-4FBD-8CFF-C564CA271950}.Release|Any CPU.ActiveCfg = Release|Any CPU
		{1BB26D3C-5831-4FBD-8CFF-C564CA271950}.Release|Any CPU.Build.0 = Release|Any CPU
	EndGlobalSection
	GlobalSection(SolutionProperties) = preSolution
		HideSolutionNode = FALSE
	EndGlobalSection
	GlobalSection(ExtensibilityGlobals) = postSolution
		SolutionGuid = {5F7648C2-6225-4CFC-BA0A-8805EBCD5146}
	EndGlobalSection
EndGlobal
