
Microsoft Visual Studio Solution File, Format Version 12.00
# Visual Studio Version 17
VisualStudioVersion = 17.5.33530.505
MinimumVisualStudioVersion = 10.0.40219.1
Project("{FAE04EC0-301F-11D3-BF4B-00C04F79EFBC}") = "WpfApp4", "WpfApp4\WpfApp4.csproj", "{11966344-D5D3-4C06-9CBE-7F283C28E90F}"
EndProject
Global
	GlobalSection(SolutionConfigurationPlatforms) = preSolution
		Debug|Any CPU = Debug|Any CPU
		Release|Any CPU = Release|Any CPU
	EndGlobalSection
	GlobalSection(ProjectConfigurationPlatforms) = postSolution
		{11966344-D5D3-4C06-9CBE-7F283C28E90F}.Debug|Any CPU.ActiveCfg = Debug|Any CPU
		{11966344-D5D3-4C06-9CBE-7F283C28E90F}.Debug|Any CPU.Build.0 = Debug|Any CPU
		{11966344-D5D3-4C06-9CBE-7F283C28E90F}.Release|Any CPU.ActiveCfg = Release|Any CPU
		{11966344-D5D3-4C06-9CBE-7F283C28E90F}.Release|Any CPU.Build.0 = Release|Any CPU
	EndGlobalSection
	GlobalSection(SolutionProperties) = preSolution
		HideSolutionNode = FALSE
	EndGlobalSection
	GlobalSection(ExtensibilityGlobals) = postSolution
		SolutionGuid = {306A3746-BB57-4D12-A71E-9869F1962178}
	EndGlobalSection
EndGlobal
