
Microsoft Visual Studio Solution File, Format Version 12.00
# Visual Studio Version 16
VisualStudioVersion = 16.0.31702.278
MinimumVisualStudioVersion = 10.0.40219.1
Project("{FAE04EC0-301F-11D3-BF4B-00C04F79EFBC}") = "Twelfth", "Twelfth\Twelfth.csproj", "{0087B7DC-4CE2-419A-8691-86A4B1F1502A}"
EndProject
Global
	GlobalSection(SolutionConfigurationPlatforms) = preSolution
		Debug|Any CPU = Debug|Any CPU
		Release|Any CPU = Release|Any CPU
	EndGlobalSection
	GlobalSection(ProjectConfigurationPlatforms) = postSolution
		{0087B7DC-4CE2-419A-8691-86A4B1F1502A}.Debug|Any CPU.ActiveCfg = Debug|Any CPU
		{0087B7DC-4CE2-419A-8691-86A4B1F1502A}.Debug|Any CPU.Build.0 = Debug|Any CPU
		{0087B7DC-4CE2-419A-8691-86A4B1F1502A}.Release|Any CPU.ActiveCfg = Release|Any CPU
		{0087B7DC-4CE2-419A-8691-86A4B1F1502A}.Release|Any CPU.Build.0 = Release|Any CPU
	EndGlobalSection
	GlobalSection(SolutionProperties) = preSolution
		HideSolutionNode = FALSE
	EndGlobalSection
	GlobalSection(ExtensibilityGlobals) = postSolution
		SolutionGuid = {4377B808-0526-4484-A657-9F0EE2EC8844}
	EndGlobalSection
EndGlobal
