
Microsoft Visual Studio Solution File, Format Version 12.00
# Visual Studio Version 17
VisualStudioVersion = 17.5.33530.505
MinimumVisualStudioVersion = 10.0.40219.1
Project("{9A19103F-16F7-4668-BE54-9A1E7A4F7556}") = "Twelfth", "Twelfth\Twelfth.csproj", "{0087B7DC-4CE2-419A-8691-86A4B1F1502A}"
EndProject
Global
	GlobalSection(SolutionConfigurationPlatforms) = preSolution
		Debug|Any CPU = Debug|Any CPU
		Debug|x64 = Debug|x64
		Release|Any CPU = Release|Any CPU
		Release|x64 = Release|x64
	EndGlobalSection
	GlobalSection(ProjectConfigurationPlatforms) = postSolution
		{0087B7DC-4CE2-419A-8691-86A4B1F1502A}.Debug|Any CPU.ActiveCfg = Debug|Any CPU
		{0087B7DC-4CE2-419A-8691-86A4B1F1502A}.Debug|Any CPU.Build.0 = Debug|Any CPU
		{0087B7DC-4CE2-419A-8691-86A4B1F1502A}.Debug|x64.ActiveCfg = Debug|x64
		{0087B7DC-4CE2-419A-8691-86A4B1F1502A}.Debug|x64.Build.0 = Debug|x64
		{0087B7DC-4CE2-419A-8691-86A4B1F1502A}.Release|Any CPU.ActiveCfg = Release|Any CPU
		{0087B7DC-4CE2-419A-8691-86A4B1F1502A}.Release|Any CPU.Build.0 = Release|Any CPU
		{0087B7DC-4CE2-419A-8691-86A4B1F1502A}.Release|x64.ActiveCfg = Release|x64
		{0087B7DC-4CE2-419A-8691-86A4B1F1502A}.Release|x64.Build.0 = Release|x64
	EndGlobalSection
	GlobalSection(SolutionProperties) = preSolution
		HideSolutionNode = FALSE
	EndGlobalSection
	GlobalSection(ExtensibilityGlobals) = postSolution
		SolutionGuid = {4377B808-0526-4484-A657-9F0EE2EC8844}
	EndGlobalSection
EndGlobal
